
Microsoft Visual Studio Solution File, Format Version 12.00
# Visual Studio Version 17
VisualStudioVersion = 17.1.32414.318
MinimumVisualStudioVersion = 10.0.40219.1
Project("{2150E333-8FDC-42A3-9474-1A3956D46DE8}") = "src", "src", "{38275583-2303-4B18-97F8-AB798F64645E}"
EndProject
Project("{2150E333-8FDC-42A3-9474-1A3956D46DE8}") = "test", "test", "{202B0A89-645B-489A-B646-D75F8C389CF1}"
EndProject
Project("{9A19103F-16F7-4668-BE54-9A1E7A4F7556}") = "Bot.Core", "Bot.Core\Bot.Core.csproj", "{0A3AFBC5-BC44-4A18-AE57-5ABB4280772E}"
EndProject
Project("{9A19103F-16F7-4668-BE54-9A1E7A4F7556}") = "Bot.Integration.Telegram", "Bot.Integration.Telegram\Bot.Integration.Telegram.csproj", "{F97C223F-74FB-406F-8542-067D82E76414}"
EndProject
Project("{9A19103F-16F7-4668-BE54-9A1E7A4F7556}") = "Bot.Integration.Gitlab", "Bot.Integration.Gitlab\Bot.Integration.Gitlab.csproj", "{377A4114-B2EC-49BC-AFA0-90714DBDDD76}"
EndProject
Project("{9A19103F-16F7-4668-BE54-9A1E7A4F7556}") = "Bot.ConsoleApp", "Bot.ConsoleApp\Bot.ConsoleApp.csproj", "{4971ED2A-6E56-4247-91CB-B1C7EE24432B}"
EndProject
Project("{E53339B2-1760-4266-BCC7-CA923CBCF16C}") = "docker-compose", "docker-compose.dcproj", "{ED82D298-6D25-47B9-9880-00924C9E56C4}"
EndProject
Project("{9A19103F-16F7-4668-BE54-9A1E7A4F7556}") = "Bot.App", "Bot.App\Bot.App.csproj", "{C9CA48FD-1469-481B-A105-475FF1A302AB}"
EndProject
Project("{9A19103F-16F7-4668-BE54-9A1E7A4F7556}") = "Bot.Integration.Git", "Bot.Integration.Git\Bot.Integration.Git.csproj", "{0E6BB990-C13E-4EF0-A5EE-528AD4906E8E}"
EndProject
Project("{FAE04EC0-301F-11D3-BF4B-00C04F79EFBC}") = "Bot.Integration.Git.Tests", "Bot.Integration.Git.Tests\Bot.Integration.Git.Tests.csproj", "{430E972E-311B-4BA2-9021-46C327556A0B}"
EndProject
Global
	GlobalSection(SolutionConfigurationPlatforms) = preSolution
		Debug|Any CPU = Debug|Any CPU
		Release|Any CPU = Release|Any CPU
	EndGlobalSection
	GlobalSection(ProjectConfigurationPlatforms) = postSolution
		{0A3AFBC5-BC44-4A18-AE57-5ABB4280772E}.Debug|Any CPU.ActiveCfg = Debug|Any CPU
		{0A3AFBC5-BC44-4A18-AE57-5ABB4280772E}.Debug|Any CPU.Build.0 = Debug|Any CPU
		{0A3AFBC5-BC44-4A18-AE57-5ABB4280772E}.Release|Any CPU.ActiveCfg = Release|Any CPU
		{0A3AFBC5-BC44-4A18-AE57-5ABB4280772E}.Release|Any CPU.Build.0 = Release|Any CPU
		{F97C223F-74FB-406F-8542-067D82E76414}.Debug|Any CPU.ActiveCfg = Debug|Any CPU
		{F97C223F-74FB-406F-8542-067D82E76414}.Debug|Any CPU.Build.0 = Debug|Any CPU
		{F97C223F-74FB-406F-8542-067D82E76414}.Release|Any CPU.ActiveCfg = Release|Any CPU
		{F97C223F-74FB-406F-8542-067D82E76414}.Release|Any CPU.Build.0 = Release|Any CPU
		{377A4114-B2EC-49BC-AFA0-90714DBDDD76}.Debug|Any CPU.ActiveCfg = Debug|Any CPU
		{377A4114-B2EC-49BC-AFA0-90714DBDDD76}.Debug|Any CPU.Build.0 = Debug|Any CPU
		{377A4114-B2EC-49BC-AFA0-90714DBDDD76}.Release|Any CPU.ActiveCfg = Release|Any CPU
		{377A4114-B2EC-49BC-AFA0-90714DBDDD76}.Release|Any CPU.Build.0 = Release|Any CPU
		{4971ED2A-6E56-4247-91CB-B1C7EE24432B}.Debug|Any CPU.ActiveCfg = Debug|Any CPU
		{4971ED2A-6E56-4247-91CB-B1C7EE24432B}.Debug|Any CPU.Build.0 = Debug|Any CPU
		{4971ED2A-6E56-4247-91CB-B1C7EE24432B}.Release|Any CPU.ActiveCfg = Release|Any CPU
		{4971ED2A-6E56-4247-91CB-B1C7EE24432B}.Release|Any CPU.Build.0 = Release|Any CPU
		{ED82D298-6D25-47B9-9880-00924C9E56C4}.Debug|Any CPU.ActiveCfg = Debug|Any CPU
		{ED82D298-6D25-47B9-9880-00924C9E56C4}.Debug|Any CPU.Build.0 = Debug|Any CPU
		{ED82D298-6D25-47B9-9880-00924C9E56C4}.Release|Any CPU.ActiveCfg = Release|Any CPU
		{ED82D298-6D25-47B9-9880-00924C9E56C4}.Release|Any CPU.Build.0 = Release|Any CPU
		{C9CA48FD-1469-481B-A105-475FF1A302AB}.Debug|Any CPU.ActiveCfg = Debug|Any CPU
		{C9CA48FD-1469-481B-A105-475FF1A302AB}.Debug|Any CPU.Build.0 = Debug|Any CPU
		{C9CA48FD-1469-481B-A105-475FF1A302AB}.Release|Any CPU.ActiveCfg = Release|Any CPU
		{C9CA48FD-1469-481B-A105-475FF1A302AB}.Release|Any CPU.Build.0 = Release|Any CPU
		{0E6BB990-C13E-4EF0-A5EE-528AD4906E8E}.Debug|Any CPU.ActiveCfg = Debug|Any CPU
		{0E6BB990-C13E-4EF0-A5EE-528AD4906E8E}.Debug|Any CPU.Build.0 = Debug|Any CPU
		{0E6BB990-C13E-4EF0-A5EE-528AD4906E8E}.Release|Any CPU.ActiveCfg = Release|Any CPU
		{0E6BB990-C13E-4EF0-A5EE-528AD4906E8E}.Release|Any CPU.Build.0 = Release|Any CPU
		{430E972E-311B-4BA2-9021-46C327556A0B}.Debug|Any CPU.ActiveCfg = Debug|Any CPU
		{430E972E-311B-4BA2-9021-46C327556A0B}.Debug|Any CPU.Build.0 = Debug|Any CPU
		{430E972E-311B-4BA2-9021-46C327556A0B}.Release|Any CPU.ActiveCfg = Release|Any CPU
		{430E972E-311B-4BA2-9021-46C327556A0B}.Release|Any CPU.Build.0 = Release|Any CPU
	EndGlobalSection
	GlobalSection(SolutionProperties) = preSolution
		HideSolutionNode = FALSE
	EndGlobalSection
	GlobalSection(NestedProjects) = preSolution
		{0A3AFBC5-BC44-4A18-AE57-5ABB4280772E} = {38275583-2303-4B18-97F8-AB798F64645E}
		{F97C223F-74FB-406F-8542-067D82E76414} = {38275583-2303-4B18-97F8-AB798F64645E}
		{377A4114-B2EC-49BC-AFA0-90714DBDDD76} = {38275583-2303-4B18-97F8-AB798F64645E}
		{4971ED2A-6E56-4247-91CB-B1C7EE24432B} = {38275583-2303-4B18-97F8-AB798F64645E}
		{C9CA48FD-1469-481B-A105-475FF1A302AB} = {38275583-2303-4B18-97F8-AB798F64645E}
		{0E6BB990-C13E-4EF0-A5EE-528AD4906E8E} = {38275583-2303-4B18-97F8-AB798F64645E}
		{430E972E-311B-4BA2-9021-46C327556A0B} = {202B0A89-645B-489A-B646-D75F8C389CF1}
	EndGlobalSection
	GlobalSection(ExtensibilityGlobals) = postSolution
		SolutionGuid = {9D6AF238-152B-4099-880F-99DECBD096FB}
	EndGlobalSection
EndGlobal
